
Microsoft Visual Studio Solution File, Format Version 12.00
# Visual Studio Version 16
VisualStudioVersion = 16.0.30309.148
MinimumVisualStudioVersion = 10.0.40219.1
Project("{FAE04EC0-301F-11D3-BF4B-00C04F79EFBC}") = "AoE4BO", "AoE4BO\AoE4BO.csproj", "{10DB8952-0BA2-443C-8FBC-B54340BB7558}"
EndProject
Project("{9A19103F-16F7-4668-BE54-9A1E7A4F7556}") = "TestGlobalMouseEvents", "Test\TestGlobalMouseEvents.csproj", "{5AB8E675-C1FA-4B5D-A9D4-DC4522200E80}"
EndProject
Global
	GlobalSection(SolutionConfigurationPlatforms) = preSolution
		Debug|Any CPU = Debug|Any CPU
		Release|Any CPU = Release|Any CPU
	EndGlobalSection
	GlobalSection(ProjectConfigurationPlatforms) = postSolution
		{10DB8952-0BA2-443C-8FBC-B54340BB7558}.Debug|Any CPU.ActiveCfg = Debug|Any CPU
		{10DB8952-0BA2-443C-8FBC-B54340BB7558}.Debug|Any CPU.Build.0 = Debug|Any CPU
		{10DB8952-0BA2-443C-8FBC-B54340BB7558}.Release|Any CPU.ActiveCfg = Release|Any CPU
		{10DB8952-0BA2-443C-8FBC-B54340BB7558}.Release|Any CPU.Build.0 = Release|Any CPU
		{5AB8E675-C1FA-4B5D-A9D4-DC4522200E80}.Debug|Any CPU.ActiveCfg = Debug|Any CPU
		{5AB8E675-C1FA-4B5D-A9D4-DC4522200E80}.Debug|Any CPU.Build.0 = Debug|Any CPU
		{5AB8E675-C1FA-4B5D-A9D4-DC4522200E80}.Release|Any CPU.ActiveCfg = Release|Any CPU
		{5AB8E675-C1FA-4B5D-A9D4-DC4522200E80}.Release|Any CPU.Build.0 = Release|Any CPU
	EndGlobalSection
	GlobalSection(SolutionProperties) = preSolution
		HideSolutionNode = FALSE
	EndGlobalSection
	GlobalSection(ExtensibilityGlobals) = postSolution
		SolutionGuid = {8E26AB53-1D19-4BED-94FC-307844974204}
	EndGlobalSection
EndGlobal
